{
  "name": "developer-profile-generator",
  "version": "1.0.0",
  "lockfileVersion": 1,
  "requires": true,
  "dependencies": {
    "async": {
      "version": "1.5.2",
      "resolved": "https://registry.npmjs.org/async/-/async-1.5.2.tgz",
      "integrity": "sha1-7GphrlZIDAw8skHJVhjiCJL5Zyo="
    },
    "body": {
      "version": "5.1.0",
      "resolved": "https://registry.npmjs.org/body/-/body-5.1.0.tgz",
      "integrity": "sha1-5LoM5BCkaTYyM2dgnstOZVMSUGk=",
      "requires": {
        "continuable-cache": "^0.3.1",
        "error": "^7.0.0",
        "raw-body": "~1.1.0",
        "safe-json-parse": "~1.0.1"
      }
    },
    "bytes": {
      "version": "1.0.0",
      "resolved": "https://registry.npmjs.org/bytes/-/bytes-1.0.0.tgz",
      "integrity": "sha1-NWnt6Lo0MV+rmcPpLLBMciDeH6g="
    },
    "commander": {
      "version": "1.0.4",
      "resolved": "https://registry.npmjs.org/commander/-/commander-1.0.4.tgz",
      "integrity": "sha1-Xt6xruI8T7VBprcNaSq+8ZZpotM=",
      "requires": {
        "keypress": "0.1.x"
      }
    },
    "continuable-cache": {
      "version": "0.3.1",
      "resolved": "https://registry.npmjs.org/continuable-cache/-/continuable-cache-0.3.1.tgz",
      "integrity": "sha1-vXJ6f67XfnH/OYWskzUakSczrQ8="
    },
    "debug": {
      "version": "2.2.0",
      "resolved": "https://registry.npmjs.org/debug/-/debug-2.2.0.tgz",
      "integrity": "sha1-+HBX6ZWxofauaklgZkE3vFbwOdo=",
      "requires": {
        "ms": "0.7.1"
      }
    },
    "electron-html-to": {
      "version": "2.6.0",
      "resolved": "https://registry.npmjs.org/electron-html-to/-/electron-html-to-2.6.0.tgz",
      "integrity": "sha512-f+15eGjmYlirdjzBDIlMJ1USjSuL7A8nnq86o93gE97rUNUrbegqinHGZlXSuMPF9gqQ/2ZCJNHUHU91bff3fg==",
      "requires": {
        "body": "5.1.0",
        "debug": "2.2.0",
        "electron-workers": "1.10.3",
        "lodash.pick": "4.2.1",
        "minstache": "1.2.0",
        "mkdirp": "0.5.1",
        "object-assign": "4.1.1",
        "pdfjs-dist": "1.5.285",
        "sliced": "1.0.1",
        "uuid": "2.0.2",
        "which": "1.2.9"
      }
    },
    "electron-workers": {
      "version": "1.10.3",
      "resolved": "https://registry.npmjs.org/electron-workers/-/electron-workers-1.10.3.tgz",
      "integrity": "sha512-xjdw25s/WzTkLjp5qxkifXKqT+y991CdTU/13zmHFf1Kg8Nw9v1OgMyKM/w09OldnVwpX7rVBNDnTUuKVulwxQ==",
      "requires": {
        "debug": "2.3.3",
        "lodash.findindex": "4.6.0",
        "net-cluster": "0.0.2",
        "portscanner": "1.2.0",
        "uuid": "3.0.1",
        "which": "1.2.12"
      },
      "dependencies": {
        "debug": {
          "version": "2.3.3",
          "resolved": "https://registry.npmjs.org/debug/-/debug-2.3.3.tgz",
          "integrity": "sha1-QMRT5n5uE8kB3ewxeviYbNqe/4w=",
          "requires": {
            "ms": "0.7.2"
          }
        },
        "ms": {
          "version": "0.7.2",
          "resolved": "https://registry.npmjs.org/ms/-/ms-0.7.2.tgz",
          "integrity": "sha1-riXPJRKziFodldfwN4aNhDESR2U="
        },
        "uuid": {
          "version": "3.0.1",
          "resolved": "https://registry.npmjs.org/uuid/-/uuid-3.0.1.tgz",
          "integrity": "sha1-ZUS7ot/ajBzxfmKaOjBeK7H+5sE="
        },
        "which": {
          "version": "1.2.12",
          "resolved": "https://registry.npmjs.org/which/-/which-1.2.12.tgz",
          "integrity": "sha1-3me15FAmnxlJCe8j7OTr5Bb6EZI=",
          "requires": {
            "isexe": "^1.1.1"
          }
        }
      }
    },
    "error": {
      "version": "7.2.1",
      "resolved": "https://registry.npmjs.org/error/-/error-7.2.1.tgz",
      "integrity": "sha512-fo9HBvWnx3NGUKMvMwB/CBCMMrfEJgbDTVDEkPygA3Bdd3lM1OyCd+rbQ8BwnpF6GdVeOLDNmyL4N5Bg80ZvdA==",
      "requires": {
        "string-template": "~0.2.1"
      }
    },
    "isexe": {
      "version": "1.1.2",
      "resolved": "https://registry.npmjs.org/isexe/-/isexe-1.1.2.tgz",
      "integrity": "sha1-NvPiLmB1CSD15yQaR2qMakInWtA="
    },
    "keypress": {
      "version": "0.1.0",
      "resolved": "https://registry.npmjs.org/keypress/-/keypress-0.1.0.tgz",
      "integrity": "sha1-SjGI1CkbZrT2XtuZ+AaqmuKTWSo="
    },
    "lodash._baseflatten": {
      "version": "4.2.1",
      "resolved": "https://registry.npmjs.org/lodash._baseflatten/-/lodash._baseflatten-4.2.1.tgz",
      "integrity": "sha1-VKytXm71NTKluCacCtclRwz9kgg="
    },
    "lodash.findindex": {
      "version": "4.6.0",
      "resolved": "https://registry.npmjs.org/lodash.findindex/-/lodash.findindex-4.6.0.tgz",
      "integrity": "sha1-oyRd7mH7m24GJLU1ElYku2nBEQY="
    },
    "lodash.pick": {
      "version": "4.2.1",
      "resolved": "https://registry.npmjs.org/lodash.pick/-/lodash.pick-4.2.1.tgz",
      "integrity": "sha1-63RPAoT2Tb+acu8tSz//WH1Ig1k=",
      "requires": {
        "lodash._baseflatten": "~4.2.0",
        "lodash.rest": "^4.0.0"
      }
    },
    "lodash.rest": {
      "version": "4.0.5",
      "resolved": "https://registry.npmjs.org/lodash.rest/-/lodash.rest-4.0.5.tgz",
      "integrity": "sha1-lU73UEkmIDjJbR/Jiyj9r58Hcqo="
    },
    "minimist": {
      "version": "0.0.8",
      "resolved": "https://registry.npmjs.org/minimist/-/minimist-0.0.8.tgz",
      "integrity": "sha1-hX/Kv8M5fSYluCKCYuhqp6ARsF0="
    },
    "minstache": {
      "version": "1.2.0",
      "resolved": "https://registry.npmjs.org/minstache/-/minstache-1.2.0.tgz",
      "integrity": "sha1-/xzEA6woRPaNvxjGYhKb5+sO/EE=",
      "requires": {
        "commander": "1.0.4"
      }
    },
    "mkdirp": {
      "version": "0.5.1",
      "resolved": "https://registry.npmjs.org/mkdirp/-/mkdirp-0.5.1.tgz",
      "integrity": "sha1-MAV0OOrGz3+MR2fzhkjWaX11yQM=",
      "requires": {
        "minimist": "0.0.8"
      }
    },
    "ms": {
      "version": "0.7.1",
      "resolved": "https://registry.npmjs.org/ms/-/ms-0.7.1.tgz",
      "integrity": "sha1-nNE8A62/8ltl7/3nzoZO6VIBcJg="
    },
    "net-cluster": {
      "version": "0.0.2",
      "resolved": "https://registry.npmjs.org/net-cluster/-/net-cluster-0.0.2.tgz",
      "integrity": "sha1-I8UNuNwEauebnd3+mlbHOu6SVbg="
    },
    "node-ensure": {
      "version": "0.0.0",
      "resolved": "https://registry.npmjs.org/node-ensure/-/node-ensure-0.0.0.tgz",
      "integrity": "sha1-7K52QVDemYYexcgQ/V0Jaxg5Mqc="
    },
    "object-assign": {
      "version": "4.1.1",
      "resolved": "https://registry.npmjs.org/object-assign/-/object-assign-4.1.1.tgz",
      "integrity": "sha1-IQmtx5ZYh8/AXLvUQsrIv7s2CGM="
    },
    "pdfjs-dist": {
      "version": "1.5.285",
      "resolved": "https://registry.npmjs.org/pdfjs-dist/-/pdfjs-dist-1.5.285.tgz",
      "integrity": "sha1-X2EV57jC0qJdvfGe9bX5mEQ2o18=",
      "requires": {
        "node-ensure": "^0.0.0"
      }
    },
    "portscanner": {
      "version": "1.2.0",
      "resolved": "https://registry.npmjs.org/portscanner/-/portscanner-1.2.0.tgz",
      "integrity": "sha1-sUu9olfRTDEPqcwJaCrwLUCWGAI=",
      "requires": {
        "async": "1.5.2"
      }
    },
    "raw-body": {
      "version": "1.1.7",
      "resolved": "https://registry.npmjs.org/raw-body/-/raw-body-1.1.7.tgz",
      "integrity": "sha1-HQJ8K/oRasxmI7yo8AAWVyqH1CU=",
      "requires": {
        "bytes": "1",
        "string_decoder": "0.10"
      }
    },
    "safe-json-parse": {
      "version": "1.0.1",
      "resolved": "https://registry.npmjs.org/safe-json-parse/-/safe-json-parse-1.0.1.tgz",
      "integrity": "sha1-PnZyPjjf3aE8mx0poeB//uSzC1c="
    },
    "sliced": {
      "version": "1.0.1",
      "resolved": "https://registry.npmjs.org/sliced/-/sliced-1.0.1.tgz",
      "integrity": "sha1-CzpmK10Ewxd7GSa+qCsD+Dei70E="
    },
    "string-template": {
      "version": "0.2.1",
      "resolved": "https://registry.npmjs.org/string-template/-/string-template-0.2.1.tgz",
      "integrity": "sha1-QpMuWYo1LQH8IuwzZ9nYTuxsmt0="
    },
    "string_decoder": {
      "version": "0.10.31",
      "resolved": "https://registry.npmjs.org/string_decoder/-/string_decoder-0.10.31.tgz",
      "integrity": "sha1-YuIDvEF2bGwoyfyEMB2rHFMQ+pQ="
    },
    "uuid": {
      "version": "2.0.2",
      "resolved": "https://registry.npmjs.org/uuid/-/uuid-2.0.2.tgz",
      "integrity": "sha1-SL1WmPBnfjx5AaHEbvFbFkN5RyY="
    },
    "which": {
      "version": "1.2.9",
      "resolved": "https://registry.npmjs.org/which/-/which-1.2.9.tgz",
      "integrity": "sha1-CzoOXAc7wQynuewTU07u+Kcath8=",
      "requires": {
        "isexe": "^1.1.1"
      }
    }
  }
}
